
Microsoft Visual Studio Solution File, Format Version 12.00
# Visual Studio Version 17
VisualStudioVersion = 17.2.32616.157
MinimumVisualStudioVersion = 10.0.40219.1
Project("{9A19103F-16F7-4668-BE54-9A1E7A4F7556}") = "Bai16", "Bai16\Bai16.csproj", "{E9205D59-D585-4AA6-9C5A-477B65BCD03B}"
EndProject
Project("{9A19103F-16F7-4668-BE54-9A1E7A4F7556}") = "BAi_11", "BAi_11\BAi_11.csproj", "{B05A7696-C8C7-4DA7-A374-79F069B617DB}"
EndProject
Project("{9A19103F-16F7-4668-BE54-9A1E7A4F7556}") = "Bai18", "Bai18\Bai18.csproj", "{5BD953A8-0D55-479E-A7BC-904477A3436F}"
EndProject
Project("{9A19103F-16F7-4668-BE54-9A1E7A4F7556}") = "Bai17", "Bai17\Bai17.csproj", "{4F21AB6E-57FC-4A68-9798-C041CD53CBB6}"
EndProject
Project("{9A19103F-16F7-4668-BE54-9A1E7A4F7556}") = "Bai19", "Bai19\Bai19.csproj", "{F9282529-45EA-45BC-8A21-17CC52957408}"
EndProject
Project("{9A19103F-16F7-4668-BE54-9A1E7A4F7556}") = "BAi15", "BAi15\BAi15.csproj", "{0A74D4D0-2536-476F-A4B6-0323ED345D41}"
EndProject
Project("{9A19103F-16F7-4668-BE54-9A1E7A4F7556}") = "TBMonHoc", "TBMonHoc\TBMonHoc.csproj", "{34D2CAEB-8F71-4CA5-AD42-E6F30A8E6EF3}"
EndProject
Project("{9A19103F-16F7-4668-BE54-9A1E7A4F7556}") = "Bai14", "Bai14\Bai14.csproj", "{F3893727-8B3C-4A07-8CB2-04AE2792C088}"
EndProject
Project("{9A19103F-16F7-4668-BE54-9A1E7A4F7556}") = "bai13", "bai13\bai13.csproj", "{7608CDB7-36A6-4A83-B6C4-6128CB08C1F7}"
EndProject
Project("{9A19103F-16F7-4668-BE54-9A1E7A4F7556}") = "Bai100", "Bai100\Bai100.csproj", "{DB7BBE6E-41B7-4465-9CD6-99F6129378F6}"
EndProject
Project("{9A19103F-16F7-4668-BE54-9A1E7A4F7556}") = "bai88", "bai88\bai88.csproj", "{82030871-FAA4-4EFE-8314-68027E77ED40}"
EndProject
Project("{9A19103F-16F7-4668-BE54-9A1E7A4F7556}") = "Bai87", "Bai87\Bai87.csproj", "{688725B6-5CBC-4A27-9BA6-69A45732C736}"
EndProject
Project("{9A19103F-16F7-4668-BE54-9A1E7A4F7556}") = "Bai_86", "Bai_86\Bai_86.csproj", "{15C2EA29-D4D3-4F44-A191-1803434A181F}"
EndProject
Global
	GlobalSection(SolutionConfigurationPlatforms) = preSolution
		Debug|Any CPU = Debug|Any CPU
		Release|Any CPU = Release|Any CPU
	EndGlobalSection
	GlobalSection(ProjectConfigurationPlatforms) = postSolution
		{E9205D59-D585-4AA6-9C5A-477B65BCD03B}.Debug|Any CPU.ActiveCfg = Debug|Any CPU
		{E9205D59-D585-4AA6-9C5A-477B65BCD03B}.Debug|Any CPU.Build.0 = Debug|Any CPU
		{E9205D59-D585-4AA6-9C5A-477B65BCD03B}.Release|Any CPU.ActiveCfg = Release|Any CPU
		{E9205D59-D585-4AA6-9C5A-477B65BCD03B}.Release|Any CPU.Build.0 = Release|Any CPU
		{B05A7696-C8C7-4DA7-A374-79F069B617DB}.Debug|Any CPU.ActiveCfg = Debug|Any CPU
		{B05A7696-C8C7-4DA7-A374-79F069B617DB}.Debug|Any CPU.Build.0 = Debug|Any CPU
		{B05A7696-C8C7-4DA7-A374-79F069B617DB}.Release|Any CPU.ActiveCfg = Release|Any CPU
		{B05A7696-C8C7-4DA7-A374-79F069B617DB}.Release|Any CPU.Build.0 = Release|Any CPU
		{5BD953A8-0D55-479E-A7BC-904477A3436F}.Debug|Any CPU.ActiveCfg = Debug|Any CPU
		{5BD953A8-0D55-479E-A7BC-904477A3436F}.Debug|Any CPU.Build.0 = Debug|Any CPU
		{5BD953A8-0D55-479E-A7BC-904477A3436F}.Release|Any CPU.ActiveCfg = Release|Any CPU
		{5BD953A8-0D55-479E-A7BC-904477A3436F}.Release|Any CPU.Build.0 = Release|Any CPU
		{4F21AB6E-57FC-4A68-9798-C041CD53CBB6}.Debug|Any CPU.ActiveCfg = Debug|Any CPU
		{4F21AB6E-57FC-4A68-9798-C041CD53CBB6}.Debug|Any CPU.Build.0 = Debug|Any CPU
		{4F21AB6E-57FC-4A68-9798-C041CD53CBB6}.Release|Any CPU.ActiveCfg = Release|Any CPU
		{4F21AB6E-57FC-4A68-9798-C041CD53CBB6}.Release|Any CPU.Build.0 = Release|Any CPU
		{F9282529-45EA-45BC-8A21-17CC52957408}.Debug|Any CPU.ActiveCfg = Debug|Any CPU
		{F9282529-45EA-45BC-8A21-17CC52957408}.Debug|Any CPU.Build.0 = Debug|Any CPU
		{F9282529-45EA-45BC-8A21-17CC52957408}.Release|Any CPU.ActiveCfg = Release|Any CPU
		{F9282529-45EA-45BC-8A21-17CC52957408}.Release|Any CPU.Build.0 = Release|Any CPU
		{0A74D4D0-2536-476F-A4B6-0323ED345D41}.Debug|Any CPU.ActiveCfg = Debug|Any CPU
		{0A74D4D0-2536-476F-A4B6-0323ED345D41}.Debug|Any CPU.Build.0 = Debug|Any CPU
		{0A74D4D0-2536-476F-A4B6-0323ED345D41}.Release|Any CPU.ActiveCfg = Release|Any CPU
		{0A74D4D0-2536-476F-A4B6-0323ED345D41}.Release|Any CPU.Build.0 = Release|Any CPU
		{34D2CAEB-8F71-4CA5-AD42-E6F30A8E6EF3}.Debug|Any CPU.ActiveCfg = Debug|Any CPU
		{34D2CAEB-8F71-4CA5-AD42-E6F30A8E6EF3}.Debug|Any CPU.Build.0 = Debug|Any CPU
		{34D2CAEB-8F71-4CA5-AD42-E6F30A8E6EF3}.Release|Any CPU.ActiveCfg = Release|Any CPU
		{34D2CAEB-8F71-4CA5-AD42-E6F30A8E6EF3}.Release|Any CPU.Build.0 = Release|Any CPU
		{F3893727-8B3C-4A07-8CB2-04AE2792C088}.Debug|Any CPU.ActiveCfg = Debug|Any CPU
		{F3893727-8B3C-4A07-8CB2-04AE2792C088}.Debug|Any CPU.Build.0 = Debug|Any CPU
		{F3893727-8B3C-4A07-8CB2-04AE2792C088}.Release|Any CPU.ActiveCfg = Release|Any CPU
		{F3893727-8B3C-4A07-8CB2-04AE2792C088}.Release|Any CPU.Build.0 = Release|Any CPU
		{7608CDB7-36A6-4A83-B6C4-6128CB08C1F7}.Debug|Any CPU.ActiveCfg = Debug|Any CPU
		{7608CDB7-36A6-4A83-B6C4-6128CB08C1F7}.Debug|Any CPU.Build.0 = Debug|Any CPU
		{7608CDB7-36A6-4A83-B6C4-6128CB08C1F7}.Release|Any CPU.ActiveCfg = Release|Any CPU
		{7608CDB7-36A6-4A83-B6C4-6128CB08C1F7}.Release|Any CPU.Build.0 = Release|Any CPU
		{DB7BBE6E-41B7-4465-9CD6-99F6129378F6}.Debug|Any CPU.ActiveCfg = Debug|Any CPU
		{DB7BBE6E-41B7-4465-9CD6-99F6129378F6}.Debug|Any CPU.Build.0 = Debug|Any CPU
		{DB7BBE6E-41B7-4465-9CD6-99F6129378F6}.Release|Any CPU.ActiveCfg = Release|Any CPU
		{DB7BBE6E-41B7-4465-9CD6-99F6129378F6}.Release|Any CPU.Build.0 = Release|Any CPU
		{82030871-FAA4-4EFE-8314-68027E77ED40}.Debug|Any CPU.ActiveCfg = Debug|Any CPU
		{82030871-FAA4-4EFE-8314-68027E77ED40}.Debug|Any CPU.Build.0 = Debug|Any CPU
		{82030871-FAA4-4EFE-8314-68027E77ED40}.Release|Any CPU.ActiveCfg = Release|Any CPU
		{82030871-FAA4-4EFE-8314-68027E77ED40}.Release|Any CPU.Build.0 = Release|Any CPU
		{688725B6-5CBC-4A27-9BA6-69A45732C736}.Debug|Any CPU.ActiveCfg = Debug|Any CPU
		{688725B6-5CBC-4A27-9BA6-69A45732C736}.Debug|Any CPU.Build.0 = Debug|Any CPU
		{688725B6-5CBC-4A27-9BA6-69A45732C736}.Release|Any CPU.ActiveCfg = Release|Any CPU
		{688725B6-5CBC-4A27-9BA6-69A45732C736}.Release|Any CPU.Build.0 = Release|Any CPU
		{15C2EA29-D4D3-4F44-A191-1803434A181F}.Debug|Any CPU.ActiveCfg = Debug|Any CPU
		{15C2EA29-D4D3-4F44-A191-1803434A181F}.Debug|Any CPU.Build.0 = Debug|Any CPU
		{15C2EA29-D4D3-4F44-A191-1803434A181F}.Release|Any CPU.ActiveCfg = Release|Any CPU
		{15C2EA29-D4D3-4F44-A191-1803434A181F}.Release|Any CPU.Build.0 = Release|Any CPU
	EndGlobalSection
	GlobalSection(SolutionProperties) = preSolution
		HideSolutionNode = FALSE
	EndGlobalSection
	GlobalSection(ExtensibilityGlobals) = postSolution
		SolutionGuid = {22132FB6-CECE-4199-B23D-63DD4B423168}
	EndGlobalSection
EndGlobal
