
Microsoft Visual Studio Solution File, Format Version 12.00
# Visual Studio Version 17
VisualStudioVersion = 17.2.32616.157
MinimumVisualStudioVersion = 10.0.40219.1
Project("{9A19103F-16F7-4668-BE54-9A1E7A4F7556}") = "TBMonHoc", "TBMonHoc\TBMonHoc.csproj", "{34D2CAEB-8F71-4CA5-AD42-E6F30A8E6EF3}"
EndProject
Project("{FAE04EC0-301F-11D3-BF4B-00C04F79EFBC}") = "calculate_salary", "calculate_salary\calculate_salary.csproj", "{4C0D7732-9566-4CFB-94FC-612FB89D1B39}"
EndProject
Project("{9A19103F-16F7-4668-BE54-9A1E7A4F7556}") = "Manage_CoffeeShop", "Manage_CoffeeShop\Manage_CoffeeShop.csproj", "{B5118C8F-9C03-40DF-A8E6-A598354E4BD5}"
EndProject
Global
	GlobalSection(SolutionConfigurationPlatforms) = preSolution
		Debug|Any CPU = Debug|Any CPU
		Release|Any CPU = Release|Any CPU
	EndGlobalSection
	GlobalSection(ProjectConfigurationPlatforms) = postSolution
		{34D2CAEB-8F71-4CA5-AD42-E6F30A8E6EF3}.Debug|Any CPU.ActiveCfg = Debug|Any CPU
		{34D2CAEB-8F71-4CA5-AD42-E6F30A8E6EF3}.Debug|Any CPU.Build.0 = Debug|Any CPU
		{34D2CAEB-8F71-4CA5-AD42-E6F30A8E6EF3}.Release|Any CPU.ActiveCfg = Release|Any CPU
		{34D2CAEB-8F71-4CA5-AD42-E6F30A8E6EF3}.Release|Any CPU.Build.0 = Release|Any CPU
		{4C0D7732-9566-4CFB-94FC-612FB89D1B39}.Debug|Any CPU.ActiveCfg = Debug|Any CPU
		{4C0D7732-9566-4CFB-94FC-612FB89D1B39}.Debug|Any CPU.Build.0 = Debug|Any CPU
		{4C0D7732-9566-4CFB-94FC-612FB89D1B39}.Release|Any CPU.ActiveCfg = Release|Any CPU
		{4C0D7732-9566-4CFB-94FC-612FB89D1B39}.Release|Any CPU.Build.0 = Release|Any CPU
		{B5118C8F-9C03-40DF-A8E6-A598354E4BD5}.Debug|Any CPU.ActiveCfg = Debug|Any CPU
		{B5118C8F-9C03-40DF-A8E6-A598354E4BD5}.Debug|Any CPU.Build.0 = Debug|Any CPU
		{B5118C8F-9C03-40DF-A8E6-A598354E4BD5}.Release|Any CPU.ActiveCfg = Release|Any CPU
		{B5118C8F-9C03-40DF-A8E6-A598354E4BD5}.Release|Any CPU.Build.0 = Release|Any CPU
	EndGlobalSection
	GlobalSection(SolutionProperties) = preSolution
		HideSolutionNode = FALSE
	EndGlobalSection
	GlobalSection(ExtensibilityGlobals) = postSolution
		SolutionGuid = {22132FB6-CECE-4199-B23D-63DD4B423168}
	EndGlobalSection
EndGlobal
